// !$*UTF8*$!
{
	archiveVersion = 1;
	classes = {
	};
	objectVersion = 46;
	objects = {

/* Begin PBXBuildFile section */
		3DEB14BE1B7D2CFA00BA3B40 /* AppDelegate.swift in Sources */ = {isa = PBXBuildFile; fileRef = 3DEB14BD1B7D2CFA00BA3B40 /* AppDelegate.swift */; };
		3DEB14C01B7D2CFA00BA3B40 /* ViewController.swift in Sources */ = {isa = PBXBuildFile; fileRef = 3DEB14BF1B7D2CFA00BA3B40 /* ViewController.swift */; };
		3DEB14C31B7D2CFA00BA3B40 /* Main.storyboard in Resources */ = {isa = PBXBuildFile; fileRef = 3DEB14C11B7D2CFA00BA3B40 /* Main.storyboard */; };
		3DEB14C51B7D2CFA00BA3B40 /* Assets.xcassets in Resources */ = {isa = PBXBuildFile; fileRef = 3DEB14C41B7D2CFA00BA3B40 /* Assets.xcassets */; };
		3DEB14C81B7D2CFA00BA3B40 /* LaunchScreen.storyboard in Resources */ = {isa = PBXBuildFile; fileRef = 3DEB14C61B7D2CFA00BA3B40 /* LaunchScreen.storyboard */; };
		3DEB14D31B7D2CFB00BA3B40 /* reactiveTests.swift in Sources */ = {isa = PBXBuildFile; fileRef = 3DEB14D21B7D2CFB00BA3B40 /* reactiveTests.swift */; };
/* End PBXBuildFile section */

/* Begin PBXContainerItemProxy section */
		3DEB14CF1B7D2CFB00BA3B40 /* PBXContainerItemProxy */ = {
			isa = PBXContainerItemProxy;
			containerPortal = 3DEB14B21B7D2CFA00BA3B40 /* Project object */;
			proxyType = 1;
			remoteGlobalIDString = 3DEB14B91B7D2CFA00BA3B40;
			remoteInfo = reactive;
		};
/* End PBXContainerItemProxy section */

/* Begin PBXFileReference section */
		3DEB14BA1B7D2CFA00BA3B40 /* reactive.app */ = {isa = PBXFileReference; explicitFileType = wrapper.application; includeInIndex = 0; path = reactive.app; sourceTree = BUILT_PRODUCTS_DIR; };
		3DEB14BD1B7D2CFA00BA3B40 /* AppDelegate.swift */ = {isa = PBXFileReference; lastKnownFileType = sourcecode.swift; path = AppDelegate.swift; sourceTree = "<group>"; };
		3DEB14BF1B7D2CFA00BA3B40 /* ViewController.swift */ = {isa = PBXFileReference; lastKnownFileType = sourcecode.swift; path = ViewController.swift; sourceTree = "<group>"; };
		3DEB14C21B7D2CFA00BA3B40 /* Base */ = {isa = PBXFileReference; lastKnownFileType = file.storyboard; name = Base; path = Base.lproj/Main.storyboard; sourceTree = "<group>"; };
		3DEB14C41B7D2CFA00BA3B40 /* Assets.xcassets */ = {isa = PBXFileReference; lastKnownFileType = folder.assetcatalog; path = Assets.xcassets; sourceTree = "<group>"; };
		3DEB14C71B7D2CFA00BA3B40 /* Base */ = {isa = PBXFileReference; lastKnownFileType = file.storyboard; name = Base; path = Base.lproj/LaunchScreen.storyboard; sourceTree = "<group>"; };
		3DEB14C91B7D2CFA00BA3B40 /* Info.plist */ = {isa = PBXFileReference; lastKnownFileType = text.plist.xml; path = Info.plist; sourceTree = "<group>"; };
		3DEB14CE1B7D2CFB00BA3B40 /* reactiveTests.xctest */ = {isa = PBXFileReference; explicitFileType = wrapper.cfbundle; includeInIndex = 0; path = reactiveTests.xctest; sourceTree = BUILT_PRODUCTS_DIR; };
		3DEB14D21B7D2CFB00BA3B40 /* reactiveTests.swift */ = {isa = PBXFileReference; lastKnownFileType = sourcecode.swift; path = reactiveTests.swift; sourceTree = "<group>"; };
		3DEB14D41B7D2CFB00BA3B40 /* Info.plist */ = {isa = PBXFileReference; lastKnownFileType = text.plist.xml; path = Info.plist; sourceTree = "<group>"; };
/* End PBXFileReference section */

/* Begin PBXFrameworksBuildPhase section */
		3DEB14B71B7D2CFA00BA3B40 /* Frameworks */ = {
			isa = PBXFrameworksBuildPhase;
			buildActionMask = 2147483647;
			files = (
			);
			runOnlyForDeploymentPostprocessing = 0;
		};
		3DEB14CB1B7D2CFB00BA3B40 /* Frameworks */ = {
			isa = PBXFrameworksBuildPhase;
			buildActionMask = 2147483647;
			files = (
			);
			runOnlyForDeploymentPostprocessing = 0;
		};
/* End PBXFrameworksBuildPhase section */

/* Begin PBXGroup section */
		3DEB14B11B7D2CFA00BA3B40 = {
			isa = PBXGroup;
			children = (
				3DEB14BC1B7D2CFA00BA3B40 /* reactive */,
				3DEB14D11B7D2CFB00BA3B40 /* reactiveTests */,
				3DEB14BB1B7D2CFA00BA3B40 /* Products */,
			);
			sourceTree = "<group>";
		};
		3DEB14BB1B7D2CFA00BA3B40 /* Products */ = {
			isa = PBXGroup;
			children = (
				3DEB14BA1B7D2CFA00BA3B40 /* reactive.app */,
				3DEB14CE1B7D2CFB00BA3B40 /* reactiveTests.xctest */,
			);
			name = Products;
			sourceTree = "<group>";
		};
		3DEB14BC1B7D2CFA00BA3B40 /* reactive */ = {
			isa = PBXGroup;
			children = (
				3DEB14BD1B7D2CFA00BA3B40 /* AppDelegate.swift */,
				3DEB14BF1B7D2CFA00BA3B40 /* ViewController.swift */,
				3DEB14C11B7D2CFA00BA3B40 /* Main.storyboard */,
				3DEB14C41B7D2CFA00BA3B40 /* Assets.xcassets */,
				3DEB14C61B7D2CFA00BA3B40 /* LaunchScreen.storyboard */,
				3DEB14C91B7D2CFA00BA3B40 /* Info.plist */,
			);
			path = reactive;
			sourceTree = "<group>";
		};
		3DEB14D11B7D2CFB00BA3B40 /* reactiveTests */ = {
			isa = PBXGroup;
			children = (
				3DEB14D21B7D2CFB00BA3B40 /* reactiveTests.swift */,
				3DEB14D41B7D2CFB00BA3B40 /* Info.plist */,
			);
			path = reactiveTests;
			sourceTree = "<group>";
		};
/* End PBXGroup section */

/* Begin PBXNativeTarget section */
		3DEB14B91B7D2CFA00BA3B40 /* reactive */ = {
			isa = PBXNativeTarget;
			buildConfigurationList = 3DEB14D71B7D2CFB00BA3B40 /* Build configuration list for PBXNativeTarget "reactive" */;
			buildPhases = (
				3DEB14B61B7D2CFA00BA3B40 /* Sources */,
				3DEB14B71B7D2CFA00BA3B40 /* Frameworks */,
				3DEB14B81B7D2CFA00BA3B40 /* Resources */,
			);
			buildRules = (
			);
			dependencies = (
			);
			name = reactive;
			productName = reactive;
			productReference = 3DEB14BA1B7D2CFA00BA3B40 /* reactive.app */;
			productType = "com.apple.product-type.application";
		};
		3DEB14CD1B7D2CFB00BA3B40 /* reactiveTests */ = {
			isa = PBXNativeTarget;
			buildConfigurationList = 3DEB14DA1B7D2CFB00BA3B40 /* Build configuration list for PBXNativeTarget "reactiveTests" */;
			buildPhases = (
				3DEB14CA1B7D2CFB00BA3B40 /* Sources */,
				3DEB14CB1B7D2CFB00BA3B40 /* Frameworks */,
				3DEB14CC1B7D2CFB00BA3B40 /* Resources */,
			);
			buildRules = (
			);
			dependencies = (
				3DEB14D01B7D2CFB00BA3B40 /* PBXTargetDependency */,
			);
			name = reactiveTests;
			productName = reactiveTests;
			productReference = 3DEB14CE1B7D2CFB00BA3B40 /* reactiveTests.xctest */;
			productType = "com.apple.product-type.bundle.unit-test";
		};
/* End PBXNativeTarget section */

/* Begin PBXProject section */
		3DEB14B21B7D2CFA00BA3B40 /* Project object */ = {
			isa = PBXProject;
			attributes = {
				LastUpgradeCheck = 0700;
				ORGANIZATIONNAME = ppinera;
				TargetAttributes = {
					3DEB14B91B7D2CFA00BA3B40 = {
						CreatedOnToolsVersion = 7.0;
					};
					3DEB14CD1B7D2CFB00BA3B40 = {
						CreatedOnToolsVersion = 7.0;
						TestTargetID = 3DEB14B91B7D2CFA00BA3B40;
					};
				};
			};
			buildConfigurationList = 3DEB14B51B7D2CFA00BA3B40 /* Build configuration list for PBXProject "reactive" */;
			compatibilityVersion = "Xcode 3.2";
			developmentRegion = English;
			hasScannedForEncodings = 0;
			knownRegions = (
				en,
				Base,
			);
			mainGroup = 3DEB14B11B7D2CFA00BA3B40;
			productRefGroup = 3DEB14BB1B7D2CFA00BA3B40 /* Products */;
			projectDirPath = "";
			projectRoot = "";
			targets = (
				3DEB14B91B7D2CFA00BA3B40 /* reactive */,
				3DEB14CD1B7D2CFB00BA3B40 /* reactiveTests */,
			);
		};
/* End PBXProject section */

/* Begin PBXResourcesBuildPhase section */
		3DEB14B81B7D2CFA00BA3B40 /* Resources */ = {
			isa = PBXResourcesBuildPhase;
			buildActionMask = 2147483647;
			files = (
				3DEB14C81B7D2CFA00BA3B40 /* LaunchScreen.storyboard in Resources */,
				3DEB14C51B7D2CFA00BA3B40 /* Assets.xcassets in Resources */,
				3DEB14C31B7D2CFA00BA3B40 /* Main.storyboard in Resources */,
			);
			runOnlyForDeploymentPostprocessing = 0;
		};
		3DEB14CC1B7D2CFB00BA3B40 /* Resources */ = {
			isa = PBXResourcesBuildPhase;
			buildActionMask = 2147483647;
			files = (
			);
			runOnlyForDeploymentPostprocessing = 0;
		};
/* End PBXResourcesBuildPhase section */

/* Begin PBXSourcesBuildPhase section */
		3DEB14B61B7D2CFA00BA3B40 /* Sources */ = {
			isa = PBXSourcesBuildPhase;
			buildActionMask = 2147483647;
			files = (
				3DEB14C01B7D2CFA00BA3B40 /* ViewController.swift in Sources */,
				3DEB14BE1B7D2CFA00BA3B40 /* AppDelegate.swift in Sources */,
			);
			runOnlyForDeploymentPostprocessing = 0;
		};
		3DEB14CA1B7D2CFB00BA3B40 /* Sources */ = {
			isa = PBXSourcesBuildPhase;
			buildActionMask = 2147483647;
			files = (
				3DEB14D31B7D2CFB00BA3B40 /* reactiveTests.swift in Sources */,
			);
			runOnlyForDeploymentPostprocessing = 0;
		};
/* End PBXSourcesBuildPhase section */

/* Begin PBXTargetDependency section */
		3DEB14D01B7D2CFB00BA3B40 /* PBXTargetDependency */ = {
			isa = PBXTargetDependency;
			target = 3DEB14B91B7D2CFA00BA3B40 /* reactive */;
			targetProxy = 3DEB14CF1B7D2CFB00BA3B40 /* PBXContainerItemProxy */;
		};
/* End PBXTargetDependency section */

/* Begin PBXVariantGroup section */
		3DEB14C11B7D2CFA00BA3B40 /* Main.storyboard */ = {
			isa = PBXVariantGroup;
			children = (
				3DEB14C21B7D2CFA00BA3B40 /* Base */,
			);
			name = Main.storyboard;
			sourceTree = "<group>";
		};
		3DEB14C61B7D2CFA00BA3B40 /* LaunchScreen.storyboard */ = {
			isa = PBXVariantGroup;
			children = (
				3DEB14C71B7D2CFA00BA3B40 /* Base */,
			);
			name = LaunchScreen.storyboard;
			sourceTree = "<group>";
		};
/* End PBXVariantGroup section */

/* Begin XCBuildConfiguration section */
		3DEB14D51B7D2CFB00BA3B40 /* Debug */ = {
			isa = XCBuildConfiguration;
			buildSettings = {
				ALWAYS_SEARCH_USER_PATHS = NO;
				CLANG_CXX_LANGUAGE_STANDARD = "gnu++0x";
				CLANG_CXX_LIBRARY = "libc++";
				CLANG_ENABLE_MODULES = YES;
				CLANG_ENABLE_OBJC_ARC = YES;
				CLANG_WARN_BOOL_CONVERSION = YES;
				CLANG_WARN_CONSTANT_CONVERSION = YES;
				CLANG_WARN_DIRECT_OBJC_ISA_USAGE = YES_ERROR;
				CLANG_WARN_EMPTY_BODY = YES;
				CLANG_WARN_ENUM_CONVERSION = YES;
				CLANG_WARN_INT_CONVERSION = YES;
				CLANG_WARN_OBJC_ROOT_CLASS = YES_ERROR;
				CLANG_WARN_UNREACHABLE_CODE = YES;
				CLANG_WARN__DUPLICATE_METHOD_MATCH = YES;
				"CODE_SIGN_IDENTITY[sdk=iphoneos*]" = "iPhone Developer";
				COPY_PHASE_STRIP = NO;
				DEBUG_INFORMATION_FORMAT = dwarf;
				ENABLE_STRICT_OBJC_MSGSEND = YES;
				ENABLE_TESTABILITY = YES;
				GCC_C_LANGUAGE_STANDARD = gnu99;
				GCC_DYNAMIC_NO_PIC = NO;
				GCC_NO_COMMON_BLOCKS = YES;
				GCC_OPTIMIZATION_LEVEL = 0;
				GCC_PREPROCESSOR_DEFINITIONS = (
					"DEBUG=1",
					"$(inherited)",
				);
				GCC_WARN_64_TO_32_BIT_CONVERSION = YES;
				GCC_WARN_ABOUT_RETURN_TYPE = YES_ERROR;
				GCC_WARN_UNDECLARED_SELECTOR = YES;
				GCC_WARN_UNINITIALIZED_AUTOS = YES_AGGRESSIVE;
				GCC_WARN_UNUSED_FUNCTION = YES;
				GCC_WARN_UNUSED_VARIABLE = YES;
				IPHONEOS_DEPLOYMENT_TARGET = 9.0;
				MTL_ENABLE_DEBUG_INFO = YES;
				ONLY_ACTIVE_ARCH = YES;
				SDKROOT = iphoneos;
				SWIFT_OPTIMIZATION_LEVEL = "-Onone";
				TARGETED_DEVICE_FAMILY = "1,2";
			};
			name = Debug;
		};
		3DEB14D61B7D2CFB00BA3B40 /* Release */ = {
			isa = XCBuildConfiguration;
			buildSettings = {
				ALWAYS_SEARCH_USER_PATHS = NO;
				CLANG_CXX_LANGUAGE_STANDARD = "gnu++0x";
				CLANG_CXX_LIBRARY = "libc++";
				CLANG_ENABLE_MODULES = YES;
				CLANG_ENABLE_OBJC_ARC = YES;
				CLANG_WARN_BOOL_CONVERSION = YES;
				CLANG_WARN_CONSTANT_CONVERSION = YES;
				CLANG_WARN_DIRECT_OBJC_ISA_USAGE = YES_ERROR;
				CLANG_WARN_EMPTY_BODY = YES;
				CLANG_WARN_ENUM_CONVERSION = YES;
				CLANG_WARN_INT_CONVERSION = YES;
				CLANG_WARN_OBJC_ROOT_CLASS = YES_ERROR;
				CLANG_WARN_UNREACHABLE_CODE = YES;
				CLANG_WARN__DUPLICATE_METHOD_MATCH = YES;
				"CODE_SIGN_IDENTITY[sdk=iphoneos*]" = "iPhone Developer";
				COPY_PHASE_STRIP = NO;
				DEBUG_INFORMATION_FORMAT = "dwarf-with-dsym";
				ENABLE_NS_ASSERTIONS = NO;
				ENABLE_STRICT_OBJC_MSGSEND = YES;
				GCC_C_LANGUAGE_STANDARD = gnu99;
				GCC_NO_COMMON_BLOCKS = YES;
				GCC_WARN_64_TO_32_BIT_CONVERSION = YES;
				GCC_WARN_ABOUT_RETURN_TYPE = YES_ERROR;
				GCC_WARN_UNDECLARED_SELECTOR = YES;
				GCC_WARN_UNINITIALIZED_AUTOS = YES_AGGRESSIVE;
				GCC_WARN_UNUSED_FUNCTION = YES;
				GCC_WARN_UNUSED_VARIABLE = YES;
				IPHONEOS_DEPLOYMENT_TARGET = 9.0;
				MTL_ENABLE_DEBUG_INFO = NO;
				SDKROOT = iphoneos;
				TARGETED_DEVICE_FAMILY = "1,2";
				VALIDATE_PRODUCT = YES;
			};
			name = Release;
		};
		3DEB14D81B7D2CFB00BA3B40 /* Debug */ = {
			isa = XCBuildConfiguration;
			buildSettings = {
				ASSETCATALOG_COMPILER_APPICON_NAME = AppIcon;
				INFOPLIST_FILE = reactive/Info.plist;
				LD_RUNPATH_SEARCH_PATHS = "$(inherited) @executable_path/Frameworks";
				PRODUCT_BUNDLE_IDENTIFIER = es.ppinera.reactive;
				PRODUCT_NAME = "$(TARGET_NAME)";
			};
			name = Debug;
		};
		3DEB14D91B7D2CFB00BA3B40 /* Release */ = {
			isa = XCBuildConfiguration;
			buildSettings = {
				ASSETCATALOG_COMPILER_APPICON_NAME = AppIcon;
				INFOPLIST_FILE = reactive/Info.plist;
				LD_RUNPATH_SEARCH_PATHS = "$(inherited) @executable_path/Frameworks";
				PRODUCT_BUNDLE_IDENTIFIER = es.ppinera.reactive;
				PRODUCT_NAME = "$(TARGET_NAME)";
			};
			name = Release;
		};
		3DEB14DB1B7D2CFB00BA3B40 /* Debug */ = {
			isa = XCBuildConfiguration;
			buildSettings = {
				BUNDLE_LOADER = "$(TEST_HOST)";
				INFOPLIST_FILE = reactiveTests/Info.plist;
				LD_RUNPATH_SEARCH_PATHS = "$(inherited) @executable_path/Frameworks @loader_path/Frameworks";
				PRODUCT_BUNDLE_IDENTIFIER = es.ppinera.reactiveTests;
				PRODUCT_NAME = "$(TARGET_NAME)";
				TEST_HOST = "$(BUILT_PRODUCTS_DIR)/reactive.app/reactive";
			};
			name = Debug;
		};
		3DEB14DC1B7D2CFB00BA3B40 /* Release */ = {
			isa = XCBuildConfiguration;
			buildSettings = {
				BUNDLE_LOADER = "$(TEST_HOST)";
				INFOPLIST_FILE = reactiveTests/Info.plist;
				LD_RUNPATH_SEARCH_PATHS = "$(inherited) @executable_path/Frameworks @loader_path/Frameworks";
				PRODUCT_BUNDLE_IDENTIFIER = es.ppinera.reactiveTests;
				PRODUCT_NAME = "$(TARGET_NAME)";
				TEST_HOST = "$(BUILT_PRODUCTS_DIR)/reactive.app/reactive";
			};
			name = Release;
		};
/* End XCBuildConfiguration section */

/* Begin XCConfigurationList section */
		3DEB14B51B7D2CFA00BA3B40 /* Build configuration list for PBXProject "reactive" */ = {
			isa = XCConfigurationList;
			buildConfigurations = (
				3DEB14D51B7D2CFB00BA3B40 /* Debug */,
				3DEB14D61B7D2CFB00BA3B40 /* Release */,
			);
			defaultConfigurationIsVisible = 0;
			defaultConfigurationName = Release;
		};
		3DEB14D71B7D2CFB00BA3B40 /* Build configuration list for PBXNativeTarget "reactive" */ = {
			isa = XCConfigurationList;
			buildConfigurations = (
				3DEB14D81B7D2CFB00BA3B40 /* Debug */,
				3DEB14D91B7D2CFB00BA3B40 /* Release */,
			);
			defaultConfigurationIsVisible = 0;
		};
		3DEB14DA1B7D2CFB00BA3B40 /* Build configuration list for PBXNativeTarget "reactiveTests" */ = {
			isa = XCConfigurationList;
			buildConfigurations = (
				3DEB14DB1B7D2CFB00BA3B40 /* Debug */,
				3DEB14DC1B7D2CFB00BA3B40 /* Release */,
			);
			defaultConfigurationIsVisible = 0;
		};
/* End XCConfigurationList section */
	};
	rootObject = 3DEB14B21B7D2CFA00BA3B40 /* Project object */;
}
